PODS:
  - MJCocoaCore (2.3.10):
    - MJCocoaCore/Common (= 2.3.10)
  - MJCocoaCore/Common (2.3.10):
    - MJCocoaCore/Future
  - MJCocoaCore/Future (2.3.10)
  - MJCocoaCore/Realm (2.3.10):
    - MJCocoaCore/Common
    - Realm (~> 3.0)
  - Realm (3.3.2):
    - Realm/Headers (= 3.3.2)
  - Realm/Headers (3.3.2)

DEPENDENCIES:
  - MJCocoaCore (from `../`)
  - MJCocoaCore/Realm (from `../`)

SPEC REPOS:
  https://github.com/cocoapods/specs.git:
    - Realm

EXTERNAL SOURCES:
  MJCocoaCore:
    :path: "../"

SPEC CHECKSUMS:
  MJCocoaCore: bc01e783118fc93198d9c3f7b751ee346ad7e990
  Realm: d927fbf66df5532cfafc08afb5f7e53ded37b894

PODFILE CHECKSUM: 16c0f8f8040e6123099eba4c95fa4c456510c3eb

COCOAPODS: 1.5.2
